
Microsoft Visual Studio Solution File, Format Version 12.00
# Visual Studio 15
VisualStudioVersion = 15.0.28307.489
MinimumVisualStudioVersion = 10.0.40219.1
Project("{FAE04EC0-301F-11D3-BF4B-00C04F79EFBC}") = "Pattern1", "Pattern1\Pattern1.csproj", "{281011E2-8C23-4810-A13D-78A8A52FC9C5}"
EndProject
Global
	GlobalSection(SolutionConfigurationPlatforms) = preSolution
		Debug|Any CPU = Debug|Any CPU
		Release|Any CPU = Release|Any CPU
	EndGlobalSection
	GlobalSection(ProjectConfigurationPlatforms) = postSolution
		{281011E2-8C23-4810-A13D-78A8A52FC9C5}.Debug|Any CPU.ActiveCfg = Debug|Any CPU
		{281011E2-8C23-4810-A13D-78A8A52FC9C5}.Debug|Any CPU.Build.0 = Debug|Any CPU
		{281011E2-8C23-4810-A13D-78A8A52FC9C5}.Release|Any CPU.ActiveCfg = Release|Any CPU
		{281011E2-8C23-4810-A13D-78A8A52FC9C5}.Release|Any CPU.Build.0 = Release|Any CPU
	EndGlobalSection
	GlobalSection(SolutionProperties) = preSolution
		HideSolutionNode = FALSE
	EndGlobalSection
	GlobalSection(ExtensibilityGlobals) = postSolution
		SolutionGuid = {21F477DF-C261-4C3C-B079-1089FC1CDD8C}
	EndGlobalSection
EndGlobal
